// !$*UTF8*$!
{
	archiveVersion = 1;
	classes = {
	};
	objectVersion = 46;
	objects = {

/* Begin PBXBuildFile section */
		02D8176275600BF3C58D4423 /* libPods.a in Frameworks */ = {isa = PBXBuildFile; fileRef = 574F0972C55F3325C583E725 /* libPods.a */; };
		8C0375281C01EB7600AF94C8 /* ALLocationManager.m in Sources */ = {isa = PBXBuildFile; fileRef = 8C0375271C01EB7600AF94C8 /* ALLocationManager.m */; };
		8C1F73F41C008A5C00F2D16C /* main.m in Sources */ = {isa = PBXBuildFile; fileRef = 8C1F73F31C008A5C00F2D16C /* main.m */; };
		8C1F73F71C008A5C00F2D16C /* AppDelegate.m in Sources */ = {isa = PBXBuildFile; fileRef = 8C1F73F61C008A5C00F2D16C /* AppDelegate.m */; };
		8C1F73FF1C008A5C00F2D16C /* Assets.xcassets in Resources */ = {isa = PBXBuildFile; fileRef = 8C1F73FE1C008A5C00F2D16C /* Assets.xcassets */; };
		8C1F740D1C008A5C00F2D16C /* ALLocalLifeUITests.m in Sources */ = {isa = PBXBuildFile; fileRef = 8C1F740C1C008A5C00F2D16C /* ALLocalLifeUITests.m */; };
		8C1F744A1C008F8800F2D16C /* ALBasicViewController.m in Sources */ = {isa = PBXBuildFile; fileRef = 8C1F74491C008F8800F2D16C /* ALBasicViewController.m */; };
		8C1F74561C00994700F2D16C /* ALTabBarController.m in Sources */ = {isa = PBXBuildFile; fileRef = 8C1F74551C00994700F2D16C /* ALTabBarController.m */; };
		8C2B948A1C06F507005748E6 /* ALSSOManager.m in Sources */ = {isa = PBXBuildFile; fileRef = 8C2B94891C06F507005748E6 /* ALSSOManager.m */; };
		8C76C0071C03659D00CF07C8 /* ALHTTPSessionManager.m in Sources */ = {isa = PBXBuildFile; fileRef = 8C76C0061C03659D00CF07C8 /* ALHTTPSessionManager.m */; };
		8C76C00C1C036E8500CF07C8 /* home.plist in Resources */ = {isa = PBXBuildFile; fileRef = 8C76C00B1C036E8500CF07C8 /* home.plist */; };
		8C8537391C05C9F10051782B /* libicucore.tbd in Frameworks */ = {isa = PBXBuildFile; fileRef = 8C8537381C05C9F10051782B /* libicucore.tbd */; };
		8C85373B1C05C9FA0051782B /* libz.tbd in Frameworks */ = {isa = PBXBuildFile; fileRef = 8C85373A1C05C9FA0051782B /* libz.tbd */; };
		8C85373D1C05CA030051782B /* libstdc++.tbd in Frameworks */ = {isa = PBXBuildFile; fileRef = 8C85373C1C05CA030051782B /* libstdc++.tbd */; };
		8C85373F1C05CA090051782B /* JavaScriptCore.framework in Frameworks */ = {isa = PBXBuildFile; fileRef = 8C85373E1C05CA090051782B /* JavaScriptCore.framework */; };
		8C8537411C05CA1D0051782B /* ImageIO.framework in Frameworks */ = {isa = PBXBuildFile; fileRef = 8C8537401C05CA1D0051782B /* ImageIO.framework */; };
		8C8537431C05CA230051782B /* AdSupport.framework in Frameworks */ = {isa = PBXBuildFile; fileRef = 8C8537421C05CA230051782B /* AdSupport.framework */; };
		8C8537451C05CA2C0051782B /* libsqlite3.tbd in Frameworks */ = {isa = PBXBuildFile; fileRef = 8C8537441C05CA2C0051782B /* libsqlite3.tbd */; };
		8CB448501C08021300998B7F /* ALAroundViewController.m in Sources */ = {isa = PBXBuildFile; fileRef = 8CB447F71C08021300998B7F /* ALAroundViewController.m */; };
		8CB448511C08021300998B7F /* ALCircleViewController.m in Sources */ = {isa = PBXBuildFile; fileRef = 8CB447FE1C08021300998B7F /* ALCircleViewController.m */; };
		8CB448521C08021300998B7F /* ALGuideViewController.m in Sources */ = {isa = PBXBuildFile; fileRef = 8CB448051C08021300998B7F /* ALGuideViewController.m */; };
		8CB448531C08021300998B7F /* ALHomeViewController.m in Sources */ = {isa = PBXBuildFile; fileRef = 8CB4480C1C08021300998B7F /* ALHomeViewController.m */; };
		8CB448541C08021300998B7F /* ALHomeModel.m in Sources */ = {isa = PBXBuildFile; fileRef = 8CB4480F1C08021300998B7F /* ALHomeModel.m */; };
		8CB448551C08021300998B7F /* ALFamousViewCell.m in Sources */ = {isa = PBXBuildFile; fileRef = 8CB448131C08021300998B7F /* ALFamousViewCell.m */; };
		8CB448561C08021300998B7F /* ALFamousViewItem.m in Sources */ = {isa = PBXBuildFile; fileRef = 8CB448151C08021300998B7F /* ALFamousViewItem.m */; };
		8CB448571C08021300998B7F /* ALFamousViewItem.xib in Resources */ = {isa = PBXBuildFile; fileRef = 8CB448161C08021300998B7F /* ALFamousViewItem.xib */; };
		8CB448581C08021300998B7F /* ALFocusView.m in Sources */ = {isa = PBXBuildFile; fileRef = 8CB448181C08021300998B7F /* ALFocusView.m */; };
		8CB448591C08021300998B7F /* ALFocusView.xib in Resources */ = {isa = PBXBuildFile; fileRef = 8CB448191C08021300998B7F /* ALFocusView.xib */; };
		8CB4485A1C08021300998B7F /* ALGroupViewCell.m in Sources */ = {isa = PBXBuildFile; fileRef = 8CB4481B1C08021300998B7F /* ALGroupViewCell.m */; };
		8CB4485B1C08021300998B7F /* ALGroupViewItem.m in Sources */ = {isa = PBXBuildFile; fileRef = 8CB4481D1C08021300998B7F /* ALGroupViewItem.m */; };
		8CB4485C1C08021300998B7F /* ALGroupViewItem.xib in Resources */ = {isa = PBXBuildFile; fileRef = 8CB4481E1C08021300998B7F /* ALGroupViewItem.xib */; };
		8CB4485D1C08021300998B7F /* ALGuessViewCell.m in Sources */ = {isa = PBXBuildFile; fileRef = 8CB448201C08021300998B7F /* ALGuessViewCell.m */; };
		8CB4485E1C08021300998B7F /* ALGuessViewCell.xib in Resources */ = {isa = PBXBuildFile; fileRef = 8CB448211C08021300998B7F /* ALGuessViewCell.xib */; };
		8CB4485F1C08021300998B7F /* ALHeaderView.m in Sources */ = {isa = PBXBuildFile; fileRef = 8CB448231C08021300998B7F /* ALHeaderView.m */; };
		8CB448601C08021300998B7F /* ALHomeTableView.m in Sources */ = {isa = PBXBuildFile; fileRef = 8CB448251C08021300998B7F /* ALHomeTableView.m */; };
		8CB448611C08021300998B7F /* ALLoginViewController.m in Sources */ = {isa = PBXBuildFile; fileRef = 8CB448291C08021300998B7F /* ALLoginViewController.m */; };
		8CB448621C08021300998B7F /* ALNewsViewController.m in Sources */ = {isa = PBXBuildFile; fileRef = 8CB448301C08021300998B7F /* ALNewsViewController.m */; };
		8CB448631C08021300998B7F /* ALOnLiveViewController.m in Sources */ = {isa = PBXBuildFile; fileRef = 8CB448371C08021300998B7F /* ALOnLiveViewController.m */; };
		8CB448641C08021300998B7F /* ALServicesViewController.m in Sources */ = {isa = PBXBuildFile; fileRef = 8CB4483E1C08021300998B7F /* ALServicesViewController.m */; };
		8CB448651C08021300998B7F /* ALToolsViewController.m in Sources */ = {isa = PBXBuildFile; fileRef = 8CB448451C08021300998B7F /* ALToolsViewController.m */; };
		8CB448661C08021300998B7F /* ALUsViewController.m in Sources */ = {isa = PBXBuildFile; fileRef = 8CB4484C1C08021300998B7F /* ALUsViewController.m */; };
		8CB448691C0806DE00998B7F /* ALAccountManager.m in Sources */ = {isa = PBXBuildFile; fileRef = 8CB448681C0806DE00998B7F /* ALAccountManager.m */; };
		8CB448711C08179900998B7F /* Main.storyboard in Resources */ = {isa = PBXBuildFile; fileRef = 8CB448701C08179900998B7F /* Main.storyboard */; };
		8CD2AE041C082C44000658C9 /* CoreTelephony.framework in Frameworks */ = {isa = PBXBuildFile; fileRef = 8CD2AE031C082C44000658C9 /* CoreTelephony.framework */; };
		8CD2AE0C1C082CF1000658C9 /* ALSelfCenterViewController.m in Sources */ = {isa = PBXBuildFile; fileRef = 8CD2AE0B1C082CF1000658C9 /* ALSelfCenterViewController.m */; };
		8CD2AE0F1C08362D000658C9 /* ALObjFactory.m in Sources */ = {isa = PBXBuildFile; fileRef = 8CD2AE0E1C08362D000658C9 /* ALObjFactory.m */; };
		8CD2AE141C085302000658C9 /* ALNavigationController.m in Sources */ = {isa = PBXBuildFile; fileRef = 8CD2AE131C085302000658C9 /* ALNavigationController.m */; };
		8CD2F0AE1C08199E00066B0A /* AlanDownLoadIMGManager.m in Sources */ = {isa = PBXBuildFile; fileRef = 8CD2F03E1C08199E00066B0A /* AlanDownLoadIMGManager.m */; };
		8CD2F0AF1C08199E00066B0A /* AlanImageDLOperation.m in Sources */ = {isa = PBXBuildFile; fileRef = 8CD2F0401C08199E00066B0A /* AlanImageDLOperation.m */; };
		8CD2F0B01C08199E00066B0A /* NSString+Path.m in Sources */ = {isa = PBXBuildFile; fileRef = 8CD2F0421C08199E00066B0A /* NSString+Path.m */; };
		8CD2F0B11C08199E00066B0A /* UIImageView+WebCache.m in Sources */ = {isa = PBXBuildFile; fileRef = 8CD2F0441C08199E00066B0A /* UIImageView+WebCache.m */; };
		8CD2F0C01C08199E00066B0A /* libWeiboSDK.a in Frameworks */ = {isa = PBXBuildFile; fileRef = 8CD2F06B1C08199E00066B0A /* libWeiboSDK.a */; };
		8CD2F0C11C08199E00066B0A /* WeiboSDK.bundle in Resources */ = {isa = PBXBuildFile; fileRef = 8CD2F0741C08199E00066B0A /* WeiboSDK.bundle */; };
		8CD2F0C21C08199E00066B0A /* NSArray+Log.m in Sources */ = {isa = PBXBuildFile; fileRef = 8CD2F07B1C08199E00066B0A /* NSArray+Log.m */; };
		8CD2F0C31C08199E00066B0A /* SSKeychain.m in Sources */ = {isa = PBXBuildFile; fileRef = 8CD2F0801C08199E00066B0A /* SSKeychain.m */; };
/* End PBXBuildFile section */

/* Begin PBXContainerItemProxy section */
		8C1F74091C008A5C00F2D16C /* PBXContainerItemProxy */ = {
			isa = PBXContainerItemProxy;
			containerPortal = 8C1F73E71C008A5B00F2D16C /* Project object */;
			proxyType = 1;
			remoteGlobalIDString = 8C1F73EE1C008A5B00F2D16C;
			remoteInfo = ALLocalLife;
		};
/* End PBXContainerItemProxy section */

/* Begin PBXFileReference section */
		32AF564065F3576687648437 /* Pods.debug.xcconfig */ = {isa = PBXFileReference; includeInIndex = 1; lastKnownFileType = text.xcconfig; name = Pods.debug.xcconfig; path = "Pods/Target Support Files/Pods/Pods.debug.xcconfig"; sourceTree = "<group>"; };
		574F0972C55F3325C583E725 /* libPods.a */ = {isa = PBXFileReference; explicitFileType = archive.ar; includeInIndex = 0; path = libPods.a; sourceTree = BUILT_PRODUCTS_DIR; };
		8C0375261C01EB7600AF94C8 /* ALLocationManager.h */ = {isa = PBXFileReference; fileEncoding = 4; lastKnownFileType = sourcecode.c.h; path = ALLocationManager.h; sourceTree = "<group>"; };
		8C0375271C01EB7600AF94C8 /* ALLocationManager.m */ = {isa = PBXFileReference; fileEncoding = 4; lastKnownFileType = sourcecode.c.objc; path = ALLocationManager.m; sourceTree = "<group>"; };
		8C1F73EF1C008A5C00F2D16C /* ALLocalLife.app */ = {isa = PBXFileReference; explicitFileType = wrapper.application; includeInIndex = 0; path = ALLocalLife.app; sourceTree = BUILT_PRODUCTS_DIR; };
		8C1F73F31C008A5C00F2D16C /* main.m */ = {isa = PBXFileReference; lastKnownFileType = sourcecode.c.objc; path = main.m; sourceTree = "<group>"; };
		8C1F73F51C008A5C00F2D16C /* AppDelegate.h */ = {isa = PBXFileReference; lastKnownFileType = sourcecode.c.h; path = AppDelegate.h; sourceTree = "<group>"; };
		8C1F73F61C008A5C00F2D16C /* AppDelegate.m */ = {isa = PBXFileReference; lastKnownFileType = sourcecode.c.objc; path = AppDelegate.m; sourceTree = "<group>"; };
		8C1F73FE1C008A5C00F2D16C /* Assets.xcassets */ = {isa = PBXFileReference; lastKnownFileType = folder.assetcatalog; path = Assets.xcassets; sourceTree = "<group>"; };
		8C1F74031C008A5C00F2D16C /* Info.plist */ = {isa = PBXFileReference; lastKnownFileType = text.plist.xml; path = Info.plist; sourceTree = "<group>"; };
		8C1F74081C008A5C00F2D16C /* ALLocalLifeUITests.xctest */ = {isa = PBXFileReference; explicitFileType = wrapper.cfbundle; includeInIndex = 0; path = ALLocalLifeUITests.xctest; sourceTree = BUILT_PRODUCTS_DIR; };
		8C1F740C1C008A5C00F2D16C /* ALLocalLifeUITests.m */ = {isa = PBXFileReference; lastKnownFileType = sourcecode.c.objc; path = ALLocalLifeUITests.m; sourceTree = "<group>"; };
		8C1F740E1C008A5C00F2D16C /* Info.plist */ = {isa = PBXFileReference; lastKnownFileType = text.plist.xml; path = Info.plist; sourceTree = "<group>"; };
		8C1F74461C008CAC00F2D16C /* PrefixHeader.pch */ = {isa = PBXFileReference; lastKnownFileType = sourcecode.c.h; path = PrefixHeader.pch; sourceTree = "<group>"; };
		8C1F74471C008F3200F2D16C /* Constant.h */ = {isa = PBXFileReference; fileEncoding = 4; lastKnownFileType = sourcecode.c.h; path = Constant.h; sourceTree = "<group>"; };
		8C1F74481C008F8800F2D16C /* ALBasicViewController.h */ = {isa = PBXFileReference; fileEncoding = 4; lastKnownFileType = sourcecode.c.h; path = ALBasicViewController.h; sourceTree = "<group>"; };
		8C1F74491C008F8800F2D16C /* ALBasicViewController.m */ = {isa = PBXFileReference; fileEncoding = 4; lastKnownFileType = sourcecode.c.objc; path = ALBasicViewController.m; sourceTree = "<group>"; };
		8C1F74541C00994700F2D16C /* ALTabBarController.h */ = {isa = PBXFileReference; fileEncoding = 4; lastKnownFileType = sourcecode.c.h; path = ALTabBarController.h; sourceTree = "<group>"; };
		8C1F74551C00994700F2D16C /* ALTabBarController.m */ = {isa = PBXFileReference; fileEncoding = 4; lastKnownFileType = sourcecode.c.objc; path = ALTabBarController.m; sourceTree = "<group>"; };
		8C2B94881C06F507005748E6 /* ALSSOManager.h */ = {isa = PBXFileReference; fileEncoding = 4; lastKnownFileType = sourcecode.c.h; path = ALSSOManager.h; sourceTree = "<group>"; };
		8C2B94891C06F507005748E6 /* ALSSOManager.m */ = {isa = PBXFileReference; fileEncoding = 4; lastKnownFileType = sourcecode.c.objc; path = ALSSOManager.m; sourceTree = "<group>"; };
		8C76C0051C03659D00CF07C8 /* ALHTTPSessionManager.h */ = {isa = PBXFileReference; fileEncoding = 4; lastKnownFileType = sourcecode.c.h; path = ALHTTPSessionManager.h; sourceTree = "<group>"; };
		8C76C0061C03659D00CF07C8 /* ALHTTPSessionManager.m */ = {isa = PBXFileReference; fileEncoding = 4; lastKnownFileType = sourcecode.c.objc; path = ALHTTPSessionManager.m; sourceTree = "<group>"; };
		8C76C00B1C036E8500CF07C8 /* home.plist */ = {isa = PBXFileReference; fileEncoding = 4; lastKnownFileType = text.plist.xml; path = home.plist; sourceTree = "<group>"; };
		8C8537381C05C9F10051782B /* libicucore.tbd */ = {isa = PBXFileReference; lastKnownFileType = "sourcecode.text-based-dylib-definition"; name = libicucore.tbd; path = usr/lib/libicucore.tbd; sourceTree = SDKROOT; };
		8C85373A1C05C9FA0051782B /* libz.tbd */ = {isa = PBXFileReference; lastKnownFileType = "sourcecode.text-based-dylib-definition"; name = libz.tbd; path = usr/lib/libz.tbd; sourceTree = SDKROOT; };
		8C85373C1C05CA030051782B /* libstdc++.tbd */ = {isa = PBXFileReference; lastKnownFileType = "sourcecode.text-based-dylib-definition"; name = "libstdc++.tbd"; path = "usr/lib/libstdc++.tbd"; sourceTree = SDKROOT; };
		8C85373E1C05CA090051782B /* JavaScriptCore.framework */ = {isa = PBXFileReference; lastKnownFileType = wrapper.framework; name = JavaScriptCore.framework; path = System/Library/Frameworks/JavaScriptCore.framework; sourceTree = SDKROOT; };
		8C8537401C05CA1D0051782B /* ImageIO.framework */ = {isa = PBXFileReference; lastKnownFileType = wrapper.framework; name = ImageIO.framework; path = System/Library/Frameworks/ImageIO.framework; sourceTree = SDKROOT; };
		8C8537421C05CA230051782B /* AdSupport.framework */ = {isa = PBXFileReference; lastKnownFileType = wrapper.framework; name = AdSupport.framework; path = System/Library/Frameworks/AdSupport.framework; sourceTree = SDKROOT; };
		8C8537441C05CA2C0051782B /* libsqlite3.tbd */ = {isa = PBXFileReference; lastKnownFileType = "sourcecode.text-based-dylib-definition"; name = libsqlite3.tbd; path = usr/lib/libsqlite3.tbd; sourceTree = SDKROOT; };
		8CB447F61C08021300998B7F /* ALAroundViewController.h */ = {isa = PBXFileReference; fileEncoding = 4; lastKnownFileType = sourcecode.c.h; path = ALAroundViewController.h; sourceTree = "<group>"; };
		8CB447F71C08021300998B7F /* ALAroundViewController.m */ = {isa = PBXFileReference; fileEncoding = 4; lastKnownFileType = sourcecode.c.objc; path = ALAroundViewController.m; sourceTree = "<group>"; };
		8CB447FD1C08021300998B7F /* ALCircleViewController.h */ = {isa = PBXFileReference; fileEncoding = 4; lastKnownFileType = sourcecode.c.h; path = ALCircleViewController.h; sourceTree = "<group>"; };
		8CB447FE1C08021300998B7F /* ALCircleViewController.m */ = {isa = PBXFileReference; fileEncoding = 4; lastKnownFileType = sourcecode.c.objc; path = ALCircleViewController.m; sourceTree = "<group>"; };
		8CB448041C08021300998B7F /* ALGuideViewController.h */ = {isa = PBXFileReference; fileEncoding = 4; lastKnownFileType = sourcecode.c.h; path = ALGuideViewController.h; sourceTree = "<group>"; };
		8CB448051C08021300998B7F /* ALGuideViewController.m */ = {isa = PBXFileReference; fileEncoding = 4; lastKnownFileType = sourcecode.c.objc; path = ALGuideViewController.m; sourceTree = "<group>"; };
		8CB4480B1C08021300998B7F /* ALHomeViewController.h */ = {isa = PBXFileReference; fileEncoding = 4; lastKnownFileType = sourcecode.c.h; path = ALHomeViewController.h; sourceTree = "<group>"; };
		8CB4480C1C08021300998B7F /* ALHomeViewController.m */ = {isa = PBXFileReference; fileEncoding = 4; lastKnownFileType = sourcecode.c.objc; path = ALHomeViewController.m; sourceTree = "<group>"; };
		8CB4480E1C08021300998B7F /* ALHomeModel.h */ = {isa = PBXFileReference; fileEncoding = 4; lastKnownFileType = sourcecode.c.h; path = ALHomeModel.h; sourceTree = "<group>"; };
		8CB4480F1C08021300998B7F /* ALHomeModel.m */ = {isa = PBXFileReference; fileEncoding = 4; lastKnownFileType = sourcecode.c.objc; path = ALHomeModel.m; sourceTree = "<group>"; };
		8CB448121C08021300998B7F /* ALFamousViewCell.h */ = {isa = PBXFileReference; fileEncoding = 4; lastKnownFileType = sourcecode.c.h; path = ALFamousViewCell.h; sourceTree = "<group>"; };
		8CB448131C08021300998B7F /* ALFamousViewCell.m */ = {isa = PBXFileReference; fileEncoding = 4; lastKnownFileType = sourcecode.c.objc; path = ALFamousViewCell.m; sourceTree = "<group>"; };
		8CB448141C08021300998B7F /* ALFamousViewItem.h */ = {isa = PBXFileReference; fileEncoding = 4; lastKnownFileType = sourcecode.c.h; path = ALFamousViewItem.h; sourceTree = "<group>"; };
		8CB448151C08021300998B7F /* ALFamousViewItem.m */ = {isa = PBXFileReference; fileEncoding = 4; lastKnownFileType = sourcecode.c.objc; path = ALFamousViewItem.m; sourceTree = "<group>"; };
		8CB448161C08021300998B7F /* ALFamousViewItem.xib */ = {isa = PBXFileReference; fileEncoding = 4; lastKnownFileType = file.xib; path = ALFamousViewItem.xib; sourceTree = "<group>"; };
		8CB448171C08021300998B7F /* ALFocusView.h */ = {isa = PBXFileReference; fileEncoding = 4; lastKnownFileType = sourcecode.c.h; path = ALFocusView.h; sourceTree = "<group>"; };
		8CB448181C08021300998B7F /* ALFocusView.m */ = {isa = PBXFileReference; fileEncoding = 4; lastKnownFileType = sourcecode.c.objc; path = ALFocusView.m; sourceTree = "<group>"; };
		8CB448191C08021300998B7F /* ALFocusView.xib */ = {isa = PBXFileReference; fileEncoding = 4; lastKnownFileType = file.xib; path = ALFocusView.xib; sourceTree = "<group>"; };
		8CB4481A1C08021300998B7F /* ALGroupViewCell.h */ = {isa = PBXFileReference; fileEncoding = 4; lastKnownFileType = sourcecode.c.h; path = ALGroupViewCell.h; sourceTree = "<group>"; };
		8CB4481B1C08021300998B7F /* ALGroupViewCell.m */ = {isa = PBXFileReference; fileEncoding = 4; lastKnownFileType = sourcecode.c.objc; path = ALGroupViewCell.m; sourceTree = "<group>"; };
		8CB4481C1C08021300998B7F /* ALGroupViewItem.h */ = {isa = PBXFileReference; fileEncoding = 4; lastKnownFileType = sourcecode.c.h; path = ALGroupViewItem.h; sourceTree = "<group>"; };
		8CB4481D1C08021300998B7F /* ALGroupViewItem.m */ = {isa = PBXFileReference; fileEncoding = 4; lastKnownFileType = sourcecode.c.objc; path = ALGroupViewItem.m; sourceTree = "<group>"; };
		8CB4481E1C08021300998B7F /* ALGroupViewItem.xib */ = {isa = PBXFileReference; fileEncoding = 4; lastKnownFileType = file.xib; path = ALGroupViewItem.xib; sourceTree = "<group>"; };
		8CB4481F1C08021300998B7F /* ALGuessViewCell.h */ = {isa = PBXFileReference; fileEncoding = 4; lastKnownFileType = sourcecode.c.h; path = ALGuessViewCell.h; sourceTree = "<group>"; };
		8CB448201C08021300998B7F /* ALGuessViewCell.m */ = {isa = PBXFileReference; fileEncoding = 4; lastKnownFileType = sourcecode.c.objc; path = ALGuessViewCell.m; sourceTree = "<group>"; };
		8CB448211C08021300998B7F /* ALGuessViewCell.xib */ = {isa = PBXFileReference; fileEncoding = 4; lastKnownFileType = file.xib; path = ALGuessViewCell.xib; sourceTree = "<group>"; };
		8CB448221C08021300998B7F /* ALHeaderView.h */ = {isa = PBXFileReference; fileEncoding = 4; lastKnownFileType = sourcecode.c.h; path = ALHeaderView.h; sourceTree = "<group>"; };
		8CB448231C08021300998B7F /* ALHeaderView.m */ = {isa = PBXFileReference; fileEncoding = 4; lastKnownFileType = sourcecode.c.objc; path = ALHeaderView.m; sourceTree = "<group>"; };
		8CB448241C08021300998B7F /* ALHomeTableView.h */ = {isa = PBXFileReference; fileEncoding = 4; lastKnownFileType = sourcecode.c.h; path = ALHomeTableView.h; sourceTree = "<group>"; };
		8CB448251C08021300998B7F /* ALHomeTableView.m */ = {isa = PBXFileReference; fileEncoding = 4; lastKnownFileType = sourcecode.c.objc; path = ALHomeTableView.m; sourceTree = "<group>"; };
		8CB448281C08021300998B7F /* ALLoginViewController.h */ = {isa = PBXFileReference; fileEncoding = 4; lastKnownFileType = sourcecode.c.h; path = ALLoginViewController.h; sourceTree = "<group>"; };
		8CB448291C08021300998B7F /* ALLoginViewController.m */ = {isa = PBXFileReference; fileEncoding = 4; lastKnownFileType = sourcecode.c.objc; path = ALLoginViewController.m; sourceTree = "<group>"; };
		8CB4482F1C08021300998B7F /* ALNewsViewController.h */ = {isa = PBXFileReference; fileEncoding = 4; lastKnownFileType = sourcecode.c.h; path = ALNewsViewController.h; sourceTree = "<group>"; };
		8CB448301C08021300998B7F /* ALNewsViewController.m */ = {isa = PBXFileReference; fileEncoding = 4; lastKnownFileType = sourcecode.c.objc; path = ALNewsViewController.m; sourceTree = "<group>"; };
		8CB448361C08021300998B7F /* ALOnLiveViewController.h */ = {isa = PBXFileReference; fileEncoding = 4; lastKnownFileType = sourcecode.c.h; path = ALOnLiveViewController.h; sourceTree = "<group>"; };
		8CB448371C08021300998B7F /* ALOnLiveViewController.m */ = {isa = PBXFileReference; fileEncoding = 4; lastKnownFileType = sourcecode.c.objc; path = ALOnLiveViewController.m; sourceTree = "<group>"; };
		8CB4483D1C08021300998B7F /* ALServicesViewController.h */ = {isa = PBXFileReference; fileEncoding = 4; lastKnownFileType = sourcecode.c.h; path = ALServicesViewController.h; sourceTree = "<group>"; };
		8CB4483E1C08021300998B7F /* ALServicesViewController.m */ = {isa = PBXFileReference; fileEncoding = 4; lastKnownFileType = sourcecode.c.objc; path = ALServicesViewController.m; sourceTree = "<group>"; };
		8CB448441C08021300998B7F /* ALToolsViewController.h */ = {isa = PBXFileReference; fileEncoding = 4; lastKnownFileType = sourcecode.c.h; path = ALToolsViewController.h; sourceTree = "<group>"; };
		8CB448451C08021300998B7F /* ALToolsViewController.m */ = {isa = PBXFileReference; fileEncoding = 4; lastKnownFileType = sourcecode.c.objc; path = ALToolsViewController.m; sourceTree = "<group>"; };
		8CB4484B1C08021300998B7F /* ALUsViewController.h */ = {isa = PBXFileReference; fileEncoding = 4; lastKnownFileType = sourcecode.c.h; path = ALUsViewController.h; sourceTree = "<group>"; };
		8CB4484C1C08021300998B7F /* ALUsViewController.m */ = {isa = PBXFileReference; fileEncoding = 4; lastKnownFileType = sourcecode.c.objc; path = ALUsViewController.m; sourceTree = "<group>"; };
		8CB448671C0806DE00998B7F /* ALAccountManager.h */ = {isa = PBXFileReference; fileEncoding = 4; lastKnownFileType = sourcecode.c.h; path = ALAccountManager.h; sourceTree = "<group>"; };
		8CB448681C0806DE00998B7F /* ALAccountManager.m */ = {isa = PBXFileReference; fileEncoding = 4; lastKnownFileType = sourcecode.c.objc; path = ALAccountManager.m; sourceTree = "<group>"; };
		8CB448701C08179900998B7F /* Main.storyboard */ = {isa = PBXFileReference; fileEncoding = 4; lastKnownFileType = file.storyboard; name = Main.storyboard; path = ../Main.storyboard; sourceTree = "<group>"; };
		8CD2AE031C082C44000658C9 /* CoreTelephony.framework */ = {isa = PBXFileReference; lastKnownFileType = wrapper.framework; name = CoreTelephony.framework; path = System/Library/Frameworks/CoreTelephony.framework; sourceTree = SDKROOT; };
		8CD2AE0A1C082CF1000658C9 /* ALSelfCenterViewController.h */ = {isa = PBXFileReference; fileEncoding = 4; lastKnownFileType = sourcecode.c.h; path = ALSelfCenterViewController.h; sourceTree = "<group>"; };
		8CD2AE0B1C082CF1000658C9 /* ALSelfCenterViewController.m */ = {isa = PBXFileReference; fileEncoding = 4; lastKnownFileType = sourcecode.c.objc; path = ALSelfCenterViewController.m; sourceTree = "<group>"; };
		8CD2AE0D1C08362D000658C9 /* ALObjFactory.h */ = {isa = PBXFileReference; fileEncoding = 4; lastKnownFileType = sourcecode.c.h; path = ALObjFactory.h; sourceTree = "<group>"; };
		8CD2AE0E1C08362D000658C9 /* ALObjFactory.m */ = {isa = PBXFileReference; fileEncoding = 4; lastKnownFileType = sourcecode.c.objc; path = ALObjFactory.m; sourceTree = "<group>"; };
		8CD2AE121C085302000658C9 /* ALNavigationController.h */ = {isa = PBXFileReference; fileEncoding = 4; lastKnownFileType = sourcecode.c.h; path = ALNavigationController.h; sourceTree = "<group>"; };
		8CD2AE131C085302000658C9 /* ALNavigationController.m */ = {isa = PBXFileReference; fileEncoding = 4; lastKnownFileType = sourcecode.c.objc; path = ALNavigationController.m; sourceTree = "<group>"; };
		8CD2F03D1C08199E00066B0A /* AlanDownLoadIMGManager.h */ = {isa = PBXFileReference; fileEncoding = 4; lastKnownFileType = sourcecode.c.h; path = AlanDownLoadIMGManager.h; sourceTree = "<group>"; };
		8CD2F03E1C08199E00066B0A /* AlanDownLoadIMGManager.m */ = {isa = PBXFileReference; fileEncoding = 4; lastKnownFileType = sourcecode.c.objc; path = AlanDownLoadIMGManager.m; sourceTree = "<group>"; };
		8CD2F03F1C08199E00066B0A /* AlanImageDLOperation.h */ = {isa = PBXFileReference; fileEncoding = 4; lastKnownFileType = sourcecode.c.h; path = AlanImageDLOperation.h; sourceTree = "<group>"; };
		8CD2F0401C08199E00066B0A /* AlanImageDLOperation.m */ = {isa = PBXFileReference; fileEncoding = 4; lastKnownFileType = sourcecode.c.objc; path = AlanImageDLOperation.m; sourceTree = "<group>"; };
		8CD2F0411C08199E00066B0A /* NSString+Path.h */ = {isa = PBXFileReference; fileEncoding = 4; lastKnownFileType = sourcecode.c.h; path = "NSString+Path.h"; sourceTree = "<group>"; };
		8CD2F0421C08199E00066B0A /* NSString+Path.m */ = {isa = PBXFileReference; fileEncoding = 4; lastKnownFileType = sourcecode.c.objc; path = "NSString+Path.m"; sourceTree = "<group>"; };
		8CD2F0431C08199E00066B0A /* UIImageView+WebCache.h */ = {isa = PBXFileReference; fileEncoding = 4; lastKnownFileType = sourcecode.c.h; path = "UIImageView+WebCache.h"; sourceTree = "<group>"; };
		8CD2F0441C08199E00066B0A /* UIImageView+WebCache.m */ = {isa = PBXFileReference; fileEncoding = 4; lastKnownFileType = sourcecode.c.objc; path = "UIImageView+WebCache.m"; sourceTree = "<group>"; };
		8CD2F06B1C08199E00066B0A /* libWeiboSDK.a */ = {isa = PBXFileReference; lastKnownFileType = archive.ar; path = libWeiboSDK.a; sourceTree = "<group>"; };
		8CD2F06C1C08199E00066B0A /* WBHttpRequest+WeiboGame.h */ = {isa = PBXFileReference; fileEncoding = 4; lastKnownFileType = sourcecode.c.h; path = "WBHttpRequest+WeiboGame.h"; sourceTree = "<group>"; };
		8CD2F06D1C08199E00066B0A /* WBHttpRequest+WeiboShare.h */ = {isa = PBXFileReference; fileEncoding = 4; lastKnownFileType = sourcecode.c.h; path = "WBHttpRequest+WeiboShare.h"; sourceTree = "<group>"; };
		8CD2F06E1C08199E00066B0A /* WBHttpRequest+WeiboToken.h */ = {isa = PBXFileReference; fileEncoding = 4; lastKnownFileType = sourcecode.c.h; path = "WBHttpRequest+WeiboToken.h"; sourceTree = "<group>"; };
		8CD2F06F1C08199E00066B0A /* WBHttpRequest+WeiboUser.h */ = {isa = PBXFileReference; fileEncoding = 4; lastKnownFileType = sourcecode.c.h; path = "WBHttpRequest+WeiboUser.h"; sourceTree = "<group>"; };
		8CD2F0701C08199E00066B0A /* WBHttpRequest.h */ = {isa = PBXFileReference; fileEncoding = 4; lastKnownFileType = sourcecode.c.h; path = WBHttpRequest.h; sourceTree = "<group>"; };
		8CD2F0711C08199E00066B0A /* WBSDKBasicButton.h */ = {isa = PBXFileReference; fileEncoding = 4; lastKnownFileType = sourcecode.c.h; path = WBSDKBasicButton.h; sourceTree = "<group>"; };
		8CD2F0721C08199E00066B0A /* WBSDKCommentButton.h */ = {isa = PBXFileReference; fileEncoding = 4; lastKnownFileType = sourcecode.c.h; path = WBSDKCommentButton.h; sourceTree = "<group>"; };
		8CD2F0731C08199E00066B0A /* WBSDKRelationshipButton.h */ = {isa = PBXFileReference; fileEncoding = 4; lastKnownFileType = sourcecode.c.h; path = WBSDKRelationshipButton.h; sourceTree = "<group>"; };
		8CD2F0741C08199E00066B0A /* WeiboSDK.bundle */ = {isa = PBXFileReference; lastKnownFileType = "wrapper.plug-in"; path = WeiboSDK.bundle; sourceTree = "<group>"; };
		8CD2F0751C08199E00066B0A /* WeiboSDK.h */ = {isa = PBXFileReference; fileEncoding = 4; lastKnownFileType = sourcecode.c.h; path = WeiboSDK.h; sourceTree = "<group>"; };
		8CD2F0761C08199E00066B0A /* WeiboUser.h */ = {isa = PBXFileReference; fileEncoding = 4; lastKnownFileType = sourcecode.c.h; path = WeiboUser.h; sourceTree = "<group>"; };
		8CD2F07A1C08199E00066B0A /* NSArray+Log.h */ = {isa = PBXFileReference; fileEncoding = 4; lastKnownFileType = sourcecode.c.h; path = "NSArray+Log.h"; sourceTree = "<group>"; };
		8CD2F07B1C08199E00066B0A /* NSArray+Log.m */ = {isa = PBXFileReference; fileEncoding = 4; lastKnownFileType = sourcecode.c.objc; path = "NSArray+Log.m"; sourceTree = "<group>"; };
		8CD2F07F1C08199E00066B0A /* SSKeychain.h */ = {isa = PBXFileReference; fileEncoding = 4; lastKnownFileType = sourcecode.c.h; path = SSKeychain.h; sourceTree = "<group>"; };
		8CD2F0801C08199E00066B0A /* SSKeychain.m */ = {isa = PBXFileReference; fileEncoding = 4; lastKnownFileType = sourcecode.c.objc; path = SSKeychain.m; sourceTree = "<group>"; };
		E58E4208C99FA71771CBBA32 /* Pods.release.xcconfig */ = {isa = PBXFileReference; includeInIndex = 1; lastKnownFileType = text.xcconfig; name = Pods.release.xcconfig; path = "Pods/Target Support Files/Pods/Pods.release.xcconfig"; sourceTree = "<group>"; };
/* End PBXFileReference section */

/* Begin PBXFrameworksBuildPhase section */
		8C1F73EC1C008A5B00F2D16C /* Frameworks */ = {
			isa = PBXFrameworksBuildPhase;
			buildActionMask = 2147483647;
			files = (
				8CD2AE041C082C44000658C9 /* CoreTelephony.framework in Frameworks */,
				8C8537451C05CA2C0051782B /* libsqlite3.tbd in Frameworks */,
				8C8537431C05CA230051782B /* AdSupport.framework in Frameworks */,
				8C8537411C05CA1D0051782B /* ImageIO.framework in Frameworks */,
				8C85373F1C05CA090051782B /* JavaScriptCore.framework in Frameworks */,
				8CD2F0C01C08199E00066B0A /* libWeiboSDK.a in Frameworks */,
				8C85373D1C05CA030051782B /* libstdc++.tbd in Frameworks */,
				8C85373B1C05C9FA0051782B /* libz.tbd in Frameworks */,
				8C8537391C05C9F10051782B /* libicucore.tbd in Frameworks */,
				02D8176275600BF3C58D4423 /* libPods.a in Frameworks */,
			);
			runOnlyForDeploymentPostprocessing = 0;
		};
		8C1F74051C008A5C00F2D16C /* Frameworks */ = {
			isa = PBXFrameworksBuildPhase;
			buildActionMask = 2147483647;
			files = (
			);
			runOnlyForDeploymentPostprocessing = 0;
		};
/* End PBXFrameworksBuildPhase section */

/* Begin PBXGroup section */
		1580F96AB27A2AC5F2615DED /* Pods */ = {
			isa = PBXGroup;
			children = (
				32AF564065F3576687648437 /* Pods.debug.xcconfig */,
				E58E4208C99FA71771CBBA32 /* Pods.release.xcconfig */,
			);
			name = Pods;
			sourceTree = "<group>";
		};
		8C1F73E61C008A5B00F2D16C = {
			isa = PBXGroup;
			children = (
				8C1F73F11C008A5C00F2D16C /* ALLocalLife */,
				8C1F740B1C008A5C00F2D16C /* ALLocalLifeUITests */,
				8C1F73F01C008A5C00F2D16C /* Products */,
				1580F96AB27A2AC5F2615DED /* Pods */,
				B14A3DDB9F7B2D9B667014E2 /* Frameworks */,
			);
			sourceTree = "<group>";
		};
		8C1F73F01C008A5C00F2D16C /* Products */ = {
			isa = PBXGroup;
			children = (
				8C1F73EF1C008A5C00F2D16C /* ALLocalLife.app */,
				8C1F74081C008A5C00F2D16C /* ALLocalLifeUITests.xctest */,
			);
			name = Products;
			sourceTree = "<group>";
		};
		8C1F73F11C008A5C00F2D16C /* ALLocalLife */ = {
			isa = PBXGroup;
			children = (
				8CD2F0381C08199E00066B0A /* Lib */,
				8C1F74171C008BBD00F2D16C /* Common */,
				8CB447F31C08021300998B7F /* UI */,
				8C1F74421C008C1B00F2D16C /* Other */,
				8C1F73F21C008A5C00F2D16C /* Supporting Files */,
			);
			path = ALLocalLife;
			sourceTree = "<group>";
		};
		8C1F73F21C008A5C00F2D16C /* Supporting Files */ = {
			isa = PBXGroup;
			children = (
				8C1F73F31C008A5C00F2D16C /* main.m */,
			);
			name = "Supporting Files";
			sourceTree = "<group>";
		};
		8C1F740B1C008A5C00F2D16C /* ALLocalLifeUITests */ = {
			isa = PBXGroup;
			children = (
				8C1F740C1C008A5C00F2D16C /* ALLocalLifeUITests.m */,
				8C1F740E1C008A5C00F2D16C /* Info.plist */,
			);
			path = ALLocalLifeUITests;
			sourceTree = "<group>";
		};
		8C1F74171C008BBD00F2D16C /* Common */ = {
			isa = PBXGroup;
			children = (
				8C1F74471C008F3200F2D16C /* Constant.h */,
				8C1F74481C008F8800F2D16C /* ALBasicViewController.h */,
				8C1F74491C008F8800F2D16C /* ALBasicViewController.m */,
				8CD2AE121C085302000658C9 /* ALNavigationController.h */,
				8CD2AE131C085302000658C9 /* ALNavigationController.m */,
				8C1F74541C00994700F2D16C /* ALTabBarController.h */,
				8C1F74551C00994700F2D16C /* ALTabBarController.m */,
				8C0375261C01EB7600AF94C8 /* ALLocationManager.h */,
				8C0375271C01EB7600AF94C8 /* ALLocationManager.m */,
				8C76C0051C03659D00CF07C8 /* ALHTTPSessionManager.h */,
				8C76C0061C03659D00CF07C8 /* ALHTTPSessionManager.m */,
				8C2B94881C06F507005748E6 /* ALSSOManager.h */,
				8C2B94891C06F507005748E6 /* ALSSOManager.m */,
				8CB448671C0806DE00998B7F /* ALAccountManager.h */,
				8CB448681C0806DE00998B7F /* ALAccountManager.m */,
				8CD2AE0D1C08362D000658C9 /* ALObjFactory.h */,
				8CD2AE0E1C08362D000658C9 /* ALObjFactory.m */,
			);
			path = Common;
			sourceTree = "<group>";
		};
		8C1F74421C008C1B00F2D16C /* Other */ = {
			isa = PBXGroup;
			children = (
				8C1F73F51C008A5C00F2D16C /* AppDelegate.h */,
				8C1F73F61C008A5C00F2D16C /* AppDelegate.m */,
				8C1F74461C008CAC00F2D16C /* PrefixHeader.pch */,
				8C1F73FE1C008A5C00F2D16C /* Assets.xcassets */,
				8C1F74031C008A5C00F2D16C /* Info.plist */,
				8C76C00B1C036E8500CF07C8 /* home.plist */,
			);
			name = Other;
			sourceTree = "<group>";
		};
		8CB447F31C08021300998B7F /* UI */ = {
			isa = PBXGroup;
			children = (
				8CB448701C08179900998B7F /* Main.storyboard */,
				8CB447F41C08021300998B7F /* Around */,
				8CB447FB1C08021300998B7F /* Circle */,
				8CB448021C08021300998B7F /* GuidView */,
				8CB448091C08021300998B7F /* Home */,
				8CB4482D1C08021300998B7F /* News */,
				8CB448341C08021300998B7F /* OnLive */,
				8CB4483B1C08021300998B7F /* Services */,
				8CB448421C08021300998B7F /* Tools */,
				8CB448491C08021300998B7F /* Us */,
				8CB448261C08021300998B7F /* Login */,
				8CD2AE051C082CAE000658C9 /* SelfCenter */,
			);
			path = UI;
			sourceTree = "<group>";
		};
		8CB447F41C08021300998B7F /* Around */ = {
			isa = PBXGroup;
			children = (
				8CB447F51C08021300998B7F /* Controller */,
				8CB447F81C08021300998B7F /* Model */,
				8CB447F91C08021300998B7F /* Others */,
				8CB447FA1C08021300998B7F /* View */,
			);
			path = Around;
			sourceTree = "<group>";
		};
		8CB447F51C08021300998B7F /* Controller */ = {
			isa = PBXGroup;
			children = (
				8CB447F61C08021300998B7F /* ALAroundViewController.h */,
				8CB447F71C08021300998B7F /* ALAroundViewController.m */,
			);
			path = Controller;
			sourceTree = "<group>";
		};
		8CB447F81C08021300998B7F /* Model */ = {
			isa = PBXGroup;
			children = (
			);
			path = Model;
			sourceTree = "<group>";
		};
		8CB447F91C08021300998B7F /* Others */ = {
			isa = PBXGroup;
			children = (
			);
			path = Others;
			sourceTree = "<group>";
		};
		8CB447FA1C08021300998B7F /* View */ = {
			isa = PBXGroup;
			children = (
			);
			path = View;
			sourceTree = "<group>";
		};
		8CB447FB1C08021300998B7F /* Circle */ = {
			isa = PBXGroup;
			children = (
				8CB447FC1C08021300998B7F /* Controller */,
				8CB447FF1C08021300998B7F /* Model */,
				8CB448001C08021300998B7F /* Others */,
				8CB448011C08021300998B7F /* View */,
			);
			path = Circle;
			sourceTree = "<group>";
		};
		8CB447FC1C08021300998B7F /* Controller */ = {
			isa = PBXGroup;
			children = (
				8CB447FD1C08021300998B7F /* ALCircleViewController.h */,
				8CB447FE1C08021300998B7F /* ALCircleViewController.m */,
			);
			path = Controller;
			sourceTree = "<group>";
		};
		8CB447FF1C08021300998B7F /* Model */ = {
			isa = PBXGroup;
			children = (
			);
			path = Model;
			sourceTree = "<group>";
		};
		8CB448001C08021300998B7F /* Others */ = {
			isa = PBXGroup;
			children = (
			);
			path = Others;
			sourceTree = "<group>";
		};
		8CB448011C08021300998B7F /* View */ = {
			isa = PBXGroup;
			children = (
			);
			path = View;
			sourceTree = "<group>";
		};
		8CB448021C08021300998B7F /* GuidView */ = {
			isa = PBXGroup;
			children = (
				8CB448031C08021300998B7F /* Controller */,
				8CB448061C08021300998B7F /* Model */,
				8CB448071C08021300998B7F /* Other */,
				8CB448081C08021300998B7F /* View */,
			);
			path = GuidView;
			sourceTree = "<group>";
		};
		8CB448031C08021300998B7F /* Controller */ = {
			isa = PBXGroup;
			children = (
				8CB448041C08021300998B7F /* ALGuideViewController.h */,
				8CB448051C08021300998B7F /* ALGuideViewController.m */,
			);
			path = Controller;
			sourceTree = "<group>";
		};
		8CB448061C08021300998B7F /* Model */ = {
			isa = PBXGroup;
			children = (
			);
			path = Model;
			sourceTree = "<group>";
		};
		8CB448071C08021300998B7F /* Other */ = {
			isa = PBXGroup;
			children = (
			);
			path = Other;
			sourceTree = "<group>";
		};
		8CB448081C08021300998B7F /* View */ = {
			isa = PBXGroup;
			children = (
			);
			path = View;
			sourceTree = "<group>";
		};
		8CB448091C08021300998B7F /* Home */ = {
			isa = PBXGroup;
			children = (
				8CB4480A1C08021300998B7F /* Controller */,
				8CB4480D1C08021300998B7F /* Model */,
				8CB448101C08021300998B7F /* Others */,
				8CB448111C08021300998B7F /* View */,
			);
			path = Home;
			sourceTree = "<group>";
		};
		8CB4480A1C08021300998B7F /* Controller */ = {
			isa = PBXGroup;
			children = (
				8CB4480B1C08021300998B7F /* ALHomeViewController.h */,
				8CB4480C1C08021300998B7F /* ALHomeViewController.m */,
			);
			path = Controller;
			sourceTree = "<group>";
		};
		8CB4480D1C08021300998B7F /* Model */ = {
			isa = PBXGroup;
			children = (
				8CB4480E1C08021300998B7F /* ALHomeModel.h */,
				8CB4480F1C08021300998B7F /* ALHomeModel.m */,
			);
			path = Model;
			sourceTree = "<group>";
		};
		8CB448101C08021300998B7F /* Others */ = {
			isa = PBXGroup;
			children = (
			);
			path = Others;
			sourceTree = "<group>";
		};
		8CB448111C08021300998B7F /* View */ = {
			isa = PBXGroup;
			children = (
				8CB448121C08021300998B7F /* ALFamousViewCell.h */,
				8CB448131C08021300998B7F /* ALFamousViewCell.m */,
				8CB448141C08021300998B7F /* ALFamousViewItem.h */,
				8CB448151C08021300998B7F /* ALFamousViewItem.m */,
				8CB448161C08021300998B7F /* ALFamousViewItem.xib */,
				8CB448171C08021300998B7F /* ALFocusView.h */,
				8CB448181C08021300998B7F /* ALFocusView.m */,
				8CB448191C08021300998B7F /* ALFocusView.xib */,
				8CB4481A1C08021300998B7F /* ALGroupViewCell.h */,
				8CB4481B1C08021300998B7F /* ALGroupViewCell.m */,
				8CB4481C1C08021300998B7F /* ALGroupViewItem.h */,
				8CB4481D1C08021300998B7F /* ALGroupViewItem.m */,
				8CB4481E1C08021300998B7F /* ALGroupViewItem.xib */,
				8CB4481F1C08021300998B7F /* ALGuessViewCell.h */,
				8CB448201C08021300998B7F /* ALGuessViewCell.m */,
				8CB448211C08021300998B7F /* ALGuessViewCell.xib */,
				8CB448221C08021300998B7F /* ALHeaderView.h */,
				8CB448231C08021300998B7F /* ALHeaderView.m */,
				8CB448241C08021300998B7F /* ALHomeTableView.h */,
				8CB448251C08021300998B7F /* ALHomeTableView.m */,
			);
			path = View;
			sourceTree = "<group>";
		};
		8CB448261C08021300998B7F /* Login */ = {
			isa = PBXGroup;
			children = (
				8CB448271C08021300998B7F /* Controller */,
				8CB4482A1C08021300998B7F /* Model */,
				8CB4482B1C08021300998B7F /* Others */,
				8CB4482C1C08021300998B7F /* View */,
			);
			path = Login;
			sourceTree = "<group>";
		};
		8CB448271C08021300998B7F /* Controller */ = {
			isa = PBXGroup;
			children = (
				8CB448281C08021300998B7F /* ALLoginViewController.h */,
				8CB448291C08021300998B7F /* ALLoginViewController.m */,
			);
			path = Controller;
			sourceTree = "<group>";
		};
		8CB4482A1C08021300998B7F /* Model */ = {
			isa = PBXGroup;
			children = (
			);
			path = Model;
			sourceTree = "<group>";
		};
		8CB4482B1C08021300998B7F /* Others */ = {
			isa = PBXGroup;
			children = (
			);
			path = Others;
			sourceTree = "<group>";
		};
		8CB4482C1C08021300998B7F /* View */ = {
			isa = PBXGroup;
			children = (
			);
			path = View;
			sourceTree = "<group>";
		};
		8CB4482D1C08021300998B7F /* News */ = {
			isa = PBXGroup;
			children = (
				8CB4482E1C08021300998B7F /* Controller */,
				8CB448311C08021300998B7F /* Model */,
				8CB448321C08021300998B7F /* Others */,
				8CB448331C08021300998B7F /* View */,
			);
			path = News;
			sourceTree = "<group>";
		};
		8CB4482E1C08021300998B7F /* Controller */ = {
			isa = PBXGroup;
			children = (
				8CB4482F1C08021300998B7F /* ALNewsViewController.h */,
				8CB448301C08021300998B7F /* ALNewsViewController.m */,
			);
			path = Controller;
			sourceTree = "<group>";
		};
		8CB448311C08021300998B7F /* Model */ = {
			isa = PBXGroup;
			children = (
			);
			path = Model;
			sourceTree = "<group>";
		};
		8CB448321C08021300998B7F /* Others */ = {
			isa = PBXGroup;
			children = (
			);
			path = Others;
			sourceTree = "<group>";
		};
		8CB448331C08021300998B7F /* View */ = {
			isa = PBXGroup;
			children = (
			);
			path = View;
			sourceTree = "<group>";
		};
		8CB448341C08021300998B7F /* OnLive */ = {
			isa = PBXGroup;
			children = (
				8CB448351C08021300998B7F /* Controller */,
				8CB448381C08021300998B7F /* Model */,
				8CB448391C08021300998B7F /* Others */,
				8CB4483A1C08021300998B7F /* View */,
			);
			path = OnLive;
			sourceTree = "<group>";
		};
		8CB448351C08021300998B7F /* Controller */ = {
			isa = PBXGroup;
			children = (
				8CB448361C08021300998B7F /* ALOnLiveViewController.h */,
				8CB448371C08021300998B7F /* ALOnLiveViewController.m */,
			);
			path = Controller;
			sourceTree = "<group>";
		};
		8CB448381C08021300998B7F /* Model */ = {
			isa = PBXGroup;
			children = (
			);
			path = Model;
			sourceTree = "<group>";
		};
		8CB448391C08021300998B7F /* Others */ = {
			isa = PBXGroup;
			children = (
			);
			path = Others;
			sourceTree = "<group>";
		};
		8CB4483A1C08021300998B7F /* View */ = {
			isa = PBXGroup;
			children = (
			);
			path = View;
			sourceTree = "<group>";
		};
		8CB4483B1C08021300998B7F /* Services */ = {
			isa = PBXGroup;
			children = (
				8CB4483C1C08021300998B7F /* Controller */,
				8CB4483F1C08021300998B7F /* Model */,
				8CB448401C08021300998B7F /* Others */,
				8CB448411C08021300998B7F /* View */,
			);
			path = Services;
			sourceTree = "<group>";
		};
		8CB4483C1C08021300998B7F /* Controller */ = {
			isa = PBXGroup;
			children = (
				8CB4483D1C08021300998B7F /* ALServicesViewController.h */,
				8CB4483E1C08021300998B7F /* ALServicesViewController.m */,
			);
			path = Controller;
			sourceTree = "<group>";
		};
		8CB4483F1C08021300998B7F /* Model */ = {
			isa = PBXGroup;
			children = (
			);
			path = Model;
			sourceTree = "<group>";
		};
		8CB448401C08021300998B7F /* Others */ = {
			isa = PBXGroup;
			children = (
			);
			path = Others;
			sourceTree = "<group>";
		};
		8CB448411C08021300998B7F /* View */ = {
			isa = PBXGroup;
			children = (
			);
			path = View;
			sourceTree = "<group>";
		};
		8CB448421C08021300998B7F /* Tools */ = {
			isa = PBXGroup;
			children = (
				8CB448431C08021300998B7F /* Controller */,
				8CB448461C08021300998B7F /* Model */,
				8CB448471C08021300998B7F /* Others */,
				8CB448481C08021300998B7F /* View */,
			);
			path = Tools;
			sourceTree = "<group>";
		};
		8CB448431C08021300998B7F /* Controller */ = {
			isa = PBXGroup;
			children = (
				8CB448441C08021300998B7F /* ALToolsViewController.h */,
				8CB448451C08021300998B7F /* ALToolsViewController.m */,
			);
			path = Controller;
			sourceTree = "<group>";
		};
		8CB448461C08021300998B7F /* Model */ = {
			isa = PBXGroup;
			children = (
			);
			path = Model;
			sourceTree = "<group>";
		};
		8CB448471C08021300998B7F /* Others */ = {
			isa = PBXGroup;
			children = (
			);
			path = Others;
			sourceTree = "<group>";
		};
		8CB448481C08021300998B7F /* View */ = {
			isa = PBXGroup;
			children = (
			);
			path = View;
			sourceTree = "<group>";
		};
		8CB448491C08021300998B7F /* Us */ = {
			isa = PBXGroup;
			children = (
				8CB4484A1C08021300998B7F /* Controller */,
				8CB4484D1C08021300998B7F /* Model */,
				8CB4484E1C08021300998B7F /* Others */,
				8CB4484F1C08021300998B7F /* View */,
			);
			path = Us;
			sourceTree = "<group>";
		};
		8CB4484A1C08021300998B7F /* Controller */ = {
			isa = PBXGroup;
			children = (
				8CB4484B1C08021300998B7F /* ALUsViewController.h */,
				8CB4484C1C08021300998B7F /* ALUsViewController.m */,
			);
			path = Controller;
			sourceTree = "<group>";
		};
		8CB4484D1C08021300998B7F /* Model */ = {
			isa = PBXGroup;
			children = (
			);
			path = Model;
			sourceTree = "<group>";
		};
		8CB4484E1C08021300998B7F /* Others */ = {
			isa = PBXGroup;
			children = (
			);
			path = Others;
			sourceTree = "<group>";
		};
		8CB4484F1C08021300998B7F /* View */ = {
			isa = PBXGroup;
			children = (
			);
			path = View;
			sourceTree = "<group>";
		};
		8CD2AE051C082CAE000658C9 /* SelfCenter */ = {
			isa = PBXGroup;
			children = (
				8CD2AE061C082CAE000658C9 /* Controller */,
				8CD2AE071C082CAE000658C9 /* Model */,
				8CD2AE081C082CAE000658C9 /* Others */,
				8CD2AE091C082CAE000658C9 /* View */,
			);
			path = SelfCenter;
			sourceTree = "<group>";
		};
		8CD2AE061C082CAE000658C9 /* Controller */ = {
			isa = PBXGroup;
			children = (
				8CD2AE0A1C082CF1000658C9 /* ALSelfCenterViewController.h */,
				8CD2AE0B1C082CF1000658C9 /* ALSelfCenterViewController.m */,
			);
			path = Controller;
			sourceTree = "<group>";
		};
		8CD2AE071C082CAE000658C9 /* Model */ = {
			isa = PBXGroup;
			children = (
			);
			path = Model;
			sourceTree = "<group>";
		};
		8CD2AE081C082CAE000658C9 /* Others */ = {
			isa = PBXGroup;
			children = (
			);
			path = Others;
			sourceTree = "<group>";
		};
		8CD2AE091C082CAE000658C9 /* View */ = {
			isa = PBXGroup;
			children = (
			);
			path = View;
			sourceTree = "<group>";
		};
		8CD2F0381C08199E00066B0A /* Lib */ = {
			isa = PBXGroup;
			children = (
				8CD2F03C1C08199E00066B0A /* AlanWebImage */,
				8CD2F06A1C08199E00066B0A /* libWeiboSDK */,
				8CD2F0781C08199E00066B0A /* MD5 */,
				8CD2F0791C08199E00066B0A /* NSArray+Log */,
				8CD2F07E1C08199E00066B0A /* SSKeychain */,
			);
			path = Lib;
			sourceTree = "<group>";
		};
		8CD2F03C1C08199E00066B0A /* AlanWebImage */ = {
			isa = PBXGroup;
			children = (
				8CD2F03D1C08199E00066B0A /* AlanDownLoadIMGManager.h */,
				8CD2F03E1C08199E00066B0A /* AlanDownLoadIMGManager.m */,
				8CD2F03F1C08199E00066B0A /* AlanImageDLOperation.h */,
				8CD2F0401C08199E00066B0A /* AlanImageDLOperation.m */,
				8CD2F0411C08199E00066B0A /* NSString+Path.h */,
				8CD2F0421C08199E00066B0A /* NSString+Path.m */,
				8CD2F0431C08199E00066B0A /* UIImageView+WebCache.h */,
				8CD2F0441C08199E00066B0A /* UIImageView+WebCache.m */,
			);
			path = AlanWebImage;
			sourceTree = "<group>";
		};
		8CD2F06A1C08199E00066B0A /* libWeiboSDK */ = {
			isa = PBXGroup;
			children = (
				8CD2F06B1C08199E00066B0A /* libWeiboSDK.a */,
				8CD2F06C1C08199E00066B0A /* WBHttpRequest+WeiboGame.h */,
				8CD2F06D1C08199E00066B0A /* WBHttpRequest+WeiboShare.h */,
				8CD2F06E1C08199E00066B0A /* WBHttpRequest+WeiboToken.h */,
				8CD2F06F1C08199E00066B0A /* WBHttpRequest+WeiboUser.h */,
				8CD2F0701C08199E00066B0A /* WBHttpRequest.h */,
				8CD2F0711C08199E00066B0A /* WBSDKBasicButton.h */,
				8CD2F0721C08199E00066B0A /* WBSDKCommentButton.h */,
				8CD2F0731C08199E00066B0A /* WBSDKRelationshipButton.h */,
				8CD2F0741C08199E00066B0A /* WeiboSDK.bundle */,
				8CD2F0751C08199E00066B0A /* WeiboSDK.h */,
				8CD2F0761C08199E00066B0A /* WeiboUser.h */,
			);
			path = libWeiboSDK;
			sourceTree = "<group>";
		};
		8CD2F0781C08199E00066B0A /* MD5 */ = {
			isa = PBXGroup;
			children = (
			);
			path = MD5;
			sourceTree = "<group>";
		};
		8CD2F0791C08199E00066B0A /* NSArray+Log */ = {
			isa = PBXGroup;
			children = (
				8CD2F07A1C08199E00066B0A /* NSArray+Log.h */,
				8CD2F07B1C08199E00066B0A /* NSArray+Log.m */,
			);
			path = "NSArray+Log";
			sourceTree = "<group>";
		};
		8CD2F07E1C08199E00066B0A /* SSKeychain */ = {
			isa = PBXGroup;
			children = (
				8CD2F07F1C08199E00066B0A /* SSKeychain.h */,
				8CD2F0801C08199E00066B0A /* SSKeychain.m */,
			);
			path = SSKeychain;
			sourceTree = "<group>";
		};
		B14A3DDB9F7B2D9B667014E2 /* Frameworks */ = {
			isa = PBXGroup;
			children = (
				8CD2AE031C082C44000658C9 /* CoreTelephony.framework */,
				8C8537441C05CA2C0051782B /* libsqlite3.tbd */,
				8C8537421C05CA230051782B /* AdSupport.framework */,
				8C8537401C05CA1D0051782B /* ImageIO.framework */,
				8C85373E1C05CA090051782B /* JavaScriptCore.framework */,
				8C85373C1C05CA030051782B /* libstdc++.tbd */,
				8C85373A1C05C9FA0051782B /* libz.tbd */,
				8C8537381C05C9F10051782B /* libicucore.tbd */,
				574F0972C55F3325C583E725 /* libPods.a */,
			);
			name = Frameworks;
			sourceTree = "<group>";
		};
/* End PBXGroup section */

/* Begin PBXNativeTarget section */
		8C1F73EE1C008A5B00F2D16C /* ALLocalLife */ = {
			isa = PBXNativeTarget;
			buildConfigurationList = 8C1F74111C008A5C00F2D16C /* Build configuration list for PBXNativeTarget "ALLocalLife" */;
			buildPhases = (
				1FD703C72304C9015024A9CC /* Check Pods Manifest.lock */,
				8C1F73EB1C008A5B00F2D16C /* Sources */,
				8C1F73EC1C008A5B00F2D16C /* Frameworks */,
				8C1F73ED1C008A5B00F2D16C /* Resources */,
				7BECBB3C642E38FC4D4AA619 /* Embed Pods Frameworks */,
				68934E8FE742B6BC10CFD728 /* Copy Pods Resources */,
			);
			buildRules = (
			);
			dependencies = (
			);
			name = ALLocalLife;
			productName = ALLocalLife;
			productReference = 8C1F73EF1C008A5C00F2D16C /* ALLocalLife.app */;
			productType = "com.apple.product-type.application";
		};
		8C1F74071C008A5C00F2D16C /* ALLocalLifeUITests */ = {
			isa = PBXNativeTarget;
			buildConfigurationList = 8C1F74141C008A5C00F2D16C /* Build configuration list for PBXNativeTarget "ALLocalLifeUITests" */;
			buildPhases = (
				8C1F74041C008A5C00F2D16C /* Sources */,
				8C1F74051C008A5C00F2D16C /* Frameworks */,
				8C1F74061C008A5C00F2D16C /* Resources */,
			);
			buildRules = (
			);
			dependencies = (
				8C1F740A1C008A5C00F2D16C /* PBXTargetDependency */,
			);
			name = ALLocalLifeUITests;
			productName = ALLocalLifeUITests;
			productReference = 8C1F74081C008A5C00F2D16C /* ALLocalLifeUITests.xctest */;
			productType = "com.apple.product-type.bundle.ui-testing";
		};
/* End PBXNativeTarget section */

/* Begin PBXProject section */
		8C1F73E71C008A5B00F2D16C /* Project object */ = {
			isa = PBXProject;
			attributes = {
				CLASSPREFIX = AL;
				LastUpgradeCheck = 0710;
				ORGANIZATIONNAME = AL;
				TargetAttributes = {
					8C1F73EE1C008A5B00F2D16C = {
						CreatedOnToolsVersion = 7.1;
						DevelopmentTeam = 8KGCCP2V6Z;
					};
					8C1F74071C008A5C00F2D16C = {
						CreatedOnToolsVersion = 7.1;
						DevelopmentTeam = 8KGCCP2V6Z;
						TestTargetID = 8C1F73EE1C008A5B00F2D16C;
					};
				};
			};
			buildConfigurationList = 8C1F73EA1C008A5B00F2D16C /* Build configuration list for PBXProject "ALLocalLife" */;
			compatibilityVersion = "Xcode 3.2";
			developmentRegion = English;
			hasScannedForEncodings = 0;
			knownRegions = (
				en,
				Base,
				"zh-Hans",
			);
			mainGroup = 8C1F73E61C008A5B00F2D16C;
			productRefGroup = 8C1F73F01C008A5C00F2D16C /* Products */;
			projectDirPath = "";
			projectRoot = "";
			targets = (
				8C1F73EE1C008A5B00F2D16C /* ALLocalLife */,
				8C1F74071C008A5C00F2D16C /* ALLocalLifeUITests */,
			);
		};
/* End PBXProject section */

/* Begin PBXResourcesBuildPhase section */
		8C1F73ED1C008A5B00F2D16C /* Resources */ = {
			isa = PBXResourcesBuildPhase;
			buildActionMask = 2147483647;
			files = (
				8C76C00C1C036E8500CF07C8 /* home.plist in Resources */,
				8CB448711C08179900998B7F /* Main.storyboard in Resources */,
				8CB448571C08021300998B7F /* ALFamousViewItem.xib in Resources */,
				8CB4485E1C08021300998B7F /* ALGuessViewCell.xib in Resources */,
				8CD2F0C11C08199E00066B0A /* WeiboSDK.bundle in Resources */,
				8CB4485C1C08021300998B7F /* ALGroupViewItem.xib in Resources */,
				8C1F73FF1C008A5C00F2D16C /* Assets.xcassets in Resources */,
				8CB448591C08021300998B7F /* ALFocusView.xib in Resources */,
			);
			runOnlyForDeploymentPostprocessing = 0;
		};
		8C1F74061C008A5C00F2D16C /* Resources */ = {
			isa = PBXResourcesBuildPhase;
			buildActionMask = 2147483647;
			files = (
			);
			runOnlyForDeploymentPostprocessing = 0;
		};
/* End PBXResourcesBuildPhase section */

/* Begin PBXShellScriptBuildPhase section */
		1FD703C72304C9015024A9CC /* Check Pods Manifest.lock */ = {
			isa = PBXShellScriptBuildPhase;
			buildActionMask = 2147483647;
			files = (
			);
			inputPaths = (
			);
			name = "Check Pods Manifest.lock";
			outputPaths = (
			);
			runOnlyForDeploymentPostprocessing = 0;
			shellPath = /bin/sh;
			shellScript = "diff \"${PODS_ROOT}/../Podfile.lock\" \"${PODS_ROOT}/Manifest.lock\" > /dev/null\nif [[ $? != 0 ]] ; then\n    cat << EOM\nerror: The sandbox is not in sync with the Podfile.lock. Run 'pod install' or update your CocoaPods installation.\nEOM\n    exit 1\nfi\n";
			showEnvVarsInLog = 0;
		};
		68934E8FE742B6BC10CFD728 /* Copy Pods Resources */ = {
			isa = PBXShellScriptBuildPhase;
			buildActionMask = 2147483647;
			files = (
			);
			inputPaths = (
			);
			name = "Copy Pods Resources";
			outputPaths = (
			);
			runOnlyForDeploymentPostprocessing = 0;
			shellPath = /bin/sh;
			shellScript = "\"${SRCROOT}/Pods/Target Support Files/Pods/Pods-resources.sh\"\n";
			showEnvVarsInLog = 0;
		};
		7BECBB3C642E38FC4D4AA619 /* Embed Pods Frameworks */ = {
			isa = PBXShellScriptBuildPhase;
			buildActionMask = 2147483647;
			files = (
			);
			inputPaths = (
			);
			name = "Embed Pods Frameworks";
			outputPaths = (
			);
			runOnlyForDeploymentPostprocessing = 0;
			shellPath = /bin/sh;
			shellScript = "\"${SRCROOT}/Pods/Target Support Files/Pods/Pods-frameworks.sh\"\n";
			showEnvVarsInLog = 0;
		};
/* End PBXShellScriptBuildPhase section */

/* Begin PBXSourcesBuildPhase section */
		8C1F73EB1C008A5B00F2D16C /* Sources */ = {
			isa = PBXSourcesBuildPhase;
			buildActionMask = 2147483647;
			files = (
				8C76C0071C03659D00CF07C8 /* ALHTTPSessionManager.m in Sources */,
				8CB448691C0806DE00998B7F /* ALAccountManager.m in Sources */,
				8CB4485A1C08021300998B7F /* ALGroupViewCell.m in Sources */,
				8C1F744A1C008F8800F2D16C /* ALBasicViewController.m in Sources */,
				8CD2F0B01C08199E00066B0A /* NSString+Path.m in Sources */,
				8CB448661C08021300998B7F /* ALUsViewController.m in Sources */,
				8CB4485D1C08021300998B7F /* ALGuessViewCell.m in Sources */,
				8C1F73F71C008A5C00F2D16C /* AppDelegate.m in Sources */,
				8CD2F0C31C08199E00066B0A /* SSKeychain.m in Sources */,
				8CB448541C08021300998B7F /* ALHomeModel.m in Sources */,
				8CB448621C08021300998B7F /* ALNewsViewController.m in Sources */,
				8CB448631C08021300998B7F /* ALOnLiveViewController.m in Sources */,
				8CD2AE0C1C082CF1000658C9 /* ALSelfCenterViewController.m in Sources */,
				8CB448611C08021300998B7F /* ALLoginViewController.m in Sources */,
				8C2B948A1C06F507005748E6 /* ALSSOManager.m in Sources */,
				8C1F73F41C008A5C00F2D16C /* main.m in Sources */,
				8CD2F0B11C08199E00066B0A /* UIImageView+WebCache.m in Sources */,
				8CB448581C08021300998B7F /* ALFocusView.m in Sources */,
				8C1F74561C00994700F2D16C /* ALTabBarController.m in Sources */,
				8CB4485B1C08021300998B7F /* ALGroupViewItem.m in Sources */,
				8CD2AE141C085302000658C9 /* ALNavigationController.m in Sources */,
				8CB448561C08021300998B7F /* ALFamousViewItem.m in Sources */,
				8CB448511C08021300998B7F /* ALCircleViewController.m in Sources */,
				8CB448601C08021300998B7F /* ALHomeTableView.m in Sources */,
				8CD2F0C21C08199E00066B0A /* NSArray+Log.m in Sources */,
				8CB4485F1C08021300998B7F /* ALHeaderView.m in Sources */,
				8C0375281C01EB7600AF94C8 /* ALLocationManager.m in Sources */,
				8CB448521C08021300998B7F /* ALGuideViewController.m in Sources */,
				8CB448501C08021300998B7F /* ALAroundViewController.m in Sources */,
				8CB448551C08021300998B7F /* ALFamousViewCell.m in Sources */,
				8CB448531C08021300998B7F /* ALHomeViewController.m in Sources */,
				8CD2AE0F1C08362D000658C9 /* ALObjFactory.m in Sources */,
				8CB448641C08021300998B7F /* ALServicesViewController.m in Sources */,
				8CB448651C08021300998B7F /* ALToolsViewController.m in Sources */,
				8CD2F0AF1C08199E00066B0A /* AlanImageDLOperation.m in Sources */,
				8CD2F0AE1C08199E00066B0A /* AlanDownLoadIMGManager.m in Sources */,
			);
			runOnlyForDeploymentPostprocessing = 0;
		};
		8C1F74041C008A5C00F2D16C /* Sources */ = {
			isa = PBXSourcesBuildPhase;
			buildActionMask = 2147483647;
			files = (
				8C1F740D1C008A5C00F2D16C /* ALLocalLifeUITests.m in Sources */,
			);
			runOnlyForDeploymentPostprocessing = 0;
		};
/* End PBXSourcesBuildPhase section */

/* Begin PBXTargetDependency section */
		8C1F740A1C008A5C00F2D16C /* PBXTargetDependency */ = {
			isa = PBXTargetDependency;
			target = 8C1F73EE1C008A5B00F2D16C /* ALLocalLife */;
			targetProxy = 8C1F74091C008A5C00F2D16C /* PBXContainerItemProxy */;
		};
/* End PBXTargetDependency section */

/* Begin XCBuildConfiguration section */
		8C1F740F1C008A5C00F2D16C /* Debug */ = {
			isa = XCBuildConfiguration;
			buildSettings = {
				ALWAYS_SEARCH_USER_PATHS = NO;
				CLANG_CXX_LANGUAGE_STANDARD = "gnu++0x";
				CLANG_CXX_LIBRARY = "libc++";
				CLANG_ENABLE_MODULES = YES;
				CLANG_ENABLE_OBJC_ARC = YES;
				CLANG_WARN_BOOL_CONVERSION = YES;
				CLANG_WARN_CONSTANT_CONVERSION = YES;
				CLANG_WARN_DIRECT_OBJC_ISA_USAGE = YES_ERROR;
				CLANG_WARN_EMPTY_BODY = YES;
				CLANG_WARN_ENUM_CONVERSION = YES;
				CLANG_WARN_INT_CONVERSION = YES;
				CLANG_WARN_OBJC_ROOT_CLASS = YES_ERROR;
				CLANG_WARN_UNREACHABLE_CODE = YES;
				CLANG_WARN__DUPLICATE_METHOD_MATCH = YES;
				"CODE_SIGN_IDENTITY[sdk=iphoneos*]" = "iPhone Developer";
				COPY_PHASE_STRIP = NO;
				DEBUG_INFORMATION_FORMAT = dwarf;
				ENABLE_STRICT_OBJC_MSGSEND = YES;
				ENABLE_TESTABILITY = YES;
				GCC_C_LANGUAGE_STANDARD = gnu99;
				GCC_DYNAMIC_NO_PIC = NO;
				GCC_NO_COMMON_BLOCKS = YES;
				GCC_OPTIMIZATION_LEVEL = 0;
				GCC_PREPROCESSOR_DEFINITIONS = (
					"DEBUG=1",
					"$(inherited)",
				);
				GCC_WARN_64_TO_32_BIT_CONVERSION = YES;
				GCC_WARN_ABOUT_RETURN_TYPE = YES_ERROR;
				GCC_WARN_UNDECLARED_SELECTOR = YES;
				GCC_WARN_UNINITIALIZED_AUTOS = YES_AGGRESSIVE;
				GCC_WARN_UNUSED_FUNCTION = YES;
				GCC_WARN_UNUSED_VARIABLE = YES;
				IPHONEOS_DEPLOYMENT_TARGET = 9.1;
				MTL_ENABLE_DEBUG_INFO = YES;
				ONLY_ACTIVE_ARCH = YES;
				SDKROOT = iphoneos;
			};
			name = Debug;
		};
		8C1F74101C008A5C00F2D16C /* Release */ = {
			isa = XCBuildConfiguration;
			buildSettings = {
				ALWAYS_SEARCH_USER_PATHS = NO;
				CLANG_CXX_LANGUAGE_STANDARD = "gnu++0x";
				CLANG_CXX_LIBRARY = "libc++";
				CLANG_ENABLE_MODULES = YES;
				CLANG_ENABLE_OBJC_ARC = YES;
				CLANG_WARN_BOOL_CONVERSION = YES;
				CLANG_WARN_CONSTANT_CONVERSION = YES;
				CLANG_WARN_DIRECT_OBJC_ISA_USAGE = YES_ERROR;
				CLANG_WARN_EMPTY_BODY = YES;
				CLANG_WARN_ENUM_CONVERSION = YES;
				CLANG_WARN_INT_CONVERSION = YES;
				CLANG_WARN_OBJC_ROOT_CLASS = YES_ERROR;
				CLANG_WARN_UNREACHABLE_CODE = YES;
				CLANG_WARN__DUPLICATE_METHOD_MATCH = YES;
				"CODE_SIGN_IDENTITY[sdk=iphoneos*]" = "iPhone Developer";
				COPY_PHASE_STRIP = NO;
				DEBUG_INFORMATION_FORMAT = "dwarf-with-dsym";
				ENABLE_NS_ASSERTIONS = NO;
				ENABLE_STRICT_OBJC_MSGSEND = YES;
				GCC_C_LANGUAGE_STANDARD = gnu99;
				GCC_NO_COMMON_BLOCKS = YES;
				GCC_WARN_64_TO_32_BIT_CONVERSION = YES;
				GCC_WARN_ABOUT_RETURN_TYPE = YES_ERROR;
				GCC_WARN_UNDECLARED_SELECTOR = YES;
				GCC_WARN_UNINITIALIZED_AUTOS = YES_AGGRESSIVE;
				GCC_WARN_UNUSED_FUNCTION = YES;
				GCC_WARN_UNUSED_VARIABLE = YES;
				IPHONEOS_DEPLOYMENT_TARGET = 9.1;
				MTL_ENABLE_DEBUG_INFO = NO;
				SDKROOT = iphoneos;
				VALIDATE_PRODUCT = YES;
			};
			name = Release;
		};
		8C1F74121C008A5C00F2D16C /* Debug */ = {
			isa = XCBuildConfiguration;
			baseConfigurationReference = 32AF564065F3576687648437 /* Pods.debug.xcconfig */;
			buildSettings = {
				ASSETCATALOG_COMPILER_APPICON_NAME = AppIcon;
				ENABLE_BITCODE = NO;
				FRAMEWORK_SEARCH_PATHS = (
					"$(inherited)",
					"$(PROJECT_DIR)/ALLocalLife/Lib/UMSocial_Sdk_Extra_Frameworks/TencentOpenAPI",
				);
				GCC_PREFIX_HEADER = ALLocalLife/PrefixHeader.pch;
				INFOPLIST_FILE = ALLocalLife/Info.plist;
				IPHONEOS_DEPLOYMENT_TARGET = 7.1;
				LD_RUNPATH_SEARCH_PATHS = "$(inherited) @executable_path/Frameworks";
				LIBRARY_SEARCH_PATHS = (
					"$(inherited)",
					"$(PROJECT_DIR)/ALLocalLife/Lib/UMSocial_Sdk_4.3",
					"$(PROJECT_DIR)/ALLocalLife/Lib/UMSocial_Sdk_Extra_Frameworks/SinaSSO",
					"$(PROJECT_DIR)/ALLocalLife/Lib/UMSocial_Sdk_Extra_Frameworks/TencentOpenAPI",
					"$(PROJECT_DIR)/ALLocalLife/Lib/UMSocial_Sdk_Extra_Frameworks/Wechat",
					"$(PROJECT_DIR)/ALLocalLife/Lib/libWeiboSDK",
				);
				PRODUCT_BUNDLE_IDENTIFIER = per.ALAN.ALLocalCircle;
				PRODUCT_NAME = "$(TARGET_NAME)";
			};
			name = Debug;
		};
		8C1F74131C008A5C00F2D16C /* Release */ = {
			isa = XCBuildConfiguration;
			baseConfigurationReference = E58E4208C99FA71771CBBA32 /* Pods.release.xcconfig */;
			buildSettings = {
				ASSETCATALOG_COMPILER_APPICON_NAME = AppIcon;
				ENABLE_BITCODE = NO;
				FRAMEWORK_SEARCH_PATHS = (
					"$(inherited)",
					"$(PROJECT_DIR)/ALLocalLife/Lib/UMSocial_Sdk_Extra_Frameworks/TencentOpenAPI",
				);
				GCC_PREFIX_HEADER = ALLocalLife/PrefixHeader.pch;
				INFOPLIST_FILE = ALLocalLife/Info.plist;
				IPHONEOS_DEPLOYMENT_TARGET = 7.1;
				LD_RUNPATH_SEARCH_PATHS = "$(inherited) @executable_path/Frameworks";
				LIBRARY_SEARCH_PATHS = (
					"$(inherited)",
					"$(PROJECT_DIR)/ALLocalLife/Lib/UMSocial_Sdk_4.3",
					"$(PROJECT_DIR)/ALLocalLife/Lib/UMSocial_Sdk_Extra_Frameworks/SinaSSO",
					"$(PROJECT_DIR)/ALLocalLife/Lib/UMSocial_Sdk_Extra_Frameworks/TencentOpenAPI",
					"$(PROJECT_DIR)/ALLocalLife/Lib/UMSocial_Sdk_Extra_Frameworks/Wechat",
					"$(PROJECT_DIR)/ALLocalLife/Lib/libWeiboSDK",
				);
				PRODUCT_BUNDLE_IDENTIFIER = per.ALAN.ALLocalCircle;
				PRODUCT_NAME = "$(TARGET_NAME)";
			};
			name = Release;
		};
		8C1F74151C008A5C00F2D16C /* Debug */ = {
			isa = XCBuildConfiguration;
			buildSettings = {
				INFOPLIST_FILE = ALLocalLifeUITests/Info.plist;
				LD_RUNPATH_SEARCH_PATHS = "$(inherited) @executable_path/Frameworks @loader_path/Frameworks";
				PRODUCT_BUNDLE_IDENTIFIER = cn.AL.ALLocalLifeUITests;
				PRODUCT_NAME = "$(TARGET_NAME)";
				TEST_TARGET_NAME = ALLocalLife;
				USES_XCTRUNNER = YES;
			};
			name = Debug;
		};
		8C1F74161C008A5C00F2D16C /* Release */ = {
			isa = XCBuildConfiguration;
			buildSettings = {
				INFOPLIST_FILE = ALLocalLifeUITests/Info.plist;
				LD_RUNPATH_SEARCH_PATHS = "$(inherited) @executable_path/Frameworks @loader_path/Frameworks";
				PRODUCT_BUNDLE_IDENTIFIER = cn.AL.ALLocalLifeUITests;
				PRODUCT_NAME = "$(TARGET_NAME)";
				TEST_TARGET_NAME = ALLocalLife;
				USES_XCTRUNNER = YES;
			};
			name = Release;
		};
/* End XCBuildConfiguration section */

/* Begin XCConfigurationList section */
		8C1F73EA1C008A5B00F2D16C /* Build configuration list for PBXProject "ALLocalLife" */ = {
			isa = XCConfigurationList;
			buildConfigurations = (
				8C1F740F1C008A5C00F2D16C /* Debug */,
				8C1F74101C008A5C00F2D16C /* Release */,
			);
			defaultConfigurationIsVisible = 0;
			defaultConfigurationName = Release;
		};
		8C1F74111C008A5C00F2D16C /* Build configuration list for PBXNativeTarget "ALLocalLife" */ = {
			isa = XCConfigurationList;
			buildConfigurations = (
				8C1F74121C008A5C00F2D16C /* Debug */,
				8C1F74131C008A5C00F2D16C /* Release */,
			);
			defaultConfigurationIsVisible = 0;
			defaultConfigurationName = Release;
		};
		8C1F74141C008A5C00F2D16C /* Build configuration list for PBXNativeTarget "ALLocalLifeUITests" */ = {
			isa = XCConfigurationList;
			buildConfigurations = (
				8C1F74151C008A5C00F2D16C /* Debug */,
				8C1F74161C008A5C00F2D16C /* Release */,
			);
			defaultConfigurationIsVisible = 0;
			defaultConfigurationName = Release;
		};
/* End XCConfigurationList section */
	};
	rootObject = 8C1F73E71C008A5B00F2D16C /* Project object */;
}
